{
  "nodes": {
    "nixpkgs": {
      "locked": {
        "lastModified": 0,
        "narHash": "sha256-Qw2PwmkXDK8sPQ5YQ/y/icbQ+TYgbxfjhgnkNJyT1X8=",
        "path": "/nix/store/sbnwhhx7zjp45n53bkmnj4whg79aw8pq-source",
        "type": "path"
      },
      "original": {
        "id": "nixpkgs",
        "type": "indirect"
      }
    },
    "root": {
      "inputs": {
        "nixpkgs": "nixpkgs"
      }
    }
  },
  "root": "root",
  "version": 7
}
